
Microsoft Visual Studio Solution File, Format Version 12.00
# Visual Studio Version 16
VisualStudioVersion = 16.0.29509.3
MinimumVisualStudioVersion = 10.0.40219.1
Project("{FAE04EC0-301F-11D3-BF4B-00C04F79EFBC}") = "CaesarCipher", "CaesarCipher\CaesarCipher.csproj", "{95D8352C-A606-4BDC-A395-DE0323A9FAB8}"
EndProject
Global
	GlobalSection(SolutionConfigurationPlatforms) = preSolution
		Debug|Any CPU = Debug|Any CPU
		Release|Any CPU = Release|Any CPU
	EndGlobalSection
	GlobalSection(ProjectConfigurationPlatforms) = postSolution
		{95D8352C-A606-4BDC-A395-DE0323A9FAB8}.Debug|Any CPU.ActiveCfg = Debug|Any CPU
		{95D8352C-A606-4BDC-A395-DE0323A9FAB8}.Debug|Any CPU.Build.0 = Debug|Any CPU
		{95D8352C-A606-4BDC-A395-DE0323A9FAB8}.Release|Any CPU.ActiveCfg = Release|Any CPU
		{95D8352C-A606-4BDC-A395-DE0323A9FAB8}.Release|Any CPU.Build.0 = Release|Any CPU
	EndGlobalSection
	GlobalSection(SolutionProperties) = preSolution
		HideSolutionNode = FALSE
	EndGlobalSection
	GlobalSection(ExtensibilityGlobals) = postSolution
		SolutionGuid = {EF614294-83BD-460A-8491-55EDEEC13D9C}
	EndGlobalSection
EndGlobal
